
Microsoft Visual Studio Solution File, Format Version 12.00
# Visual Studio Version 16
VisualStudioVersion = 16.0.28705.295
MinimumVisualStudioVersion = 10.0.40219.1
Project("{FAE04EC0-301F-11D3-BF4B-00C04F79EFBC}") = "Atlant.Bitcoin.Server.Host", "Atlant.Bitcoin.Server.Host\Atlant.Bitcoin.Server.Host.csproj", "{C45474EA-AB54-4054-9E83-AD083223F1E8}"
EndProject
Project("{FAE04EC0-301F-11D3-BF4B-00C04F79EFBC}") = "Atlant.Bitcoin.Server.Controllers", "Atlant.Bitcoin.Server.Controllers\Atlant.Bitcoin.Server.Controllers.csproj", "{75E37068-9CDD-4598-BEAF-5D4710522F2B}"
EndProject
Project("{FAE04EC0-301F-11D3-BF4B-00C04F79EFBC}") = "Atlant.Bitcoin.Server.Contracts", "Atlant.Bitcoin.Server.Contracts\Atlant.Bitcoin.Server.Contracts.csproj", "{E777BEA6-AF1F-4E09-B455-3DFE36B61B1C}"
EndProject
Project("{FAE04EC0-301F-11D3-BF4B-00C04F79EFBC}") = "Atlant.Bitcoin.Server.Domain", "Atlant.Bitcoin.Server.Domain\Atlant.Bitcoin.Server.Domain.csproj", "{33475AA8-F005-4F82-BAF7-A39A7285A2C6}"
EndProject
Project("{FAE04EC0-301F-11D3-BF4B-00C04F79EFBC}") = "Atlant.Bitcoin.Server.Repositories", "Atlant.Bitcoin.Server.Repositories\Atlant.Bitcoin.Server.Repositories.csproj", "{F7EDC200-F4CD-4A2E-AD33-8555F39C4E6D}"
EndProject
Project("{FAE04EC0-301F-11D3-BF4B-00C04F79EFBC}") = "Atlant.Bitcoin.Server.DataAccess.Sql", "Atlant.Bitcoin.Server.DataAccess.Sql\Atlant.Bitcoin.Server.DataAccess.Sql.csproj", "{ED8FC4DB-8C55-4B54-BCDD-F8D1151CE0FD}"
EndProject
Project("{2150E333-8FDC-42A3-9474-1A3956D46DE8}") = "Database", "Database", "{863B017A-55CD-462A-8A80-366A8D33F7CB}"
EndProject
Project("{FAE04EC0-301F-11D3-BF4B-00C04F79EFBC}") = "Atlant.Bitcoin.Server.Database.Migrations", "Database\Atlant.Bitcoin.Server.Database.Migrations\Atlant.Bitcoin.Server.Database.Migrations.csproj", "{910C44BF-ACD5-4E22-87C3-87D705325ED0}"
EndProject
Project("{FAE04EC0-301F-11D3-BF4B-00C04F79EFBC}") = "Atlant.Bitcoin.Server.Settings", "Atlant.Bitcoin.Server.Settings\Atlant.Bitcoin.Server.Settings.csproj", "{AF1B368E-D4E9-4DD7-BCA0-4B3B9F027866}"
EndProject
Project("{FAE04EC0-301F-11D3-BF4B-00C04F79EFBC}") = "Atlant.Bitcoin.Server.Application", "Atlant.Bitcoin.Server.Application\Atlant.Bitcoin.Server.Application.csproj", "{3C0FD00B-3C25-440B-80C5-D2F0E4697012}"
EndProject
Project("{FAE04EC0-301F-11D3-BF4B-00C04F79EFBC}") = "Atlant.Bitcoin.Server.ExternalIntegration", "Atlant.Bitcoin.Server.ExternalIntegration\Atlant.Bitcoin.Server.ExternalIntegration.csproj", "{5C0C6F74-2693-456B-B7DA-B1B1FFB750A7}"
EndProject
Global
	GlobalSection(SolutionConfigurationPlatforms) = preSolution
		Debug|Any CPU = Debug|Any CPU
		Release|Any CPU = Release|Any CPU
	EndGlobalSection
	GlobalSection(ProjectConfigurationPlatforms) = postSolution
		{C45474EA-AB54-4054-9E83-AD083223F1E8}.Debug|Any CPU.ActiveCfg = Debug|Any CPU
		{C45474EA-AB54-4054-9E83-AD083223F1E8}.Debug|Any CPU.Build.0 = Debug|Any CPU
		{C45474EA-AB54-4054-9E83-AD083223F1E8}.Release|Any CPU.ActiveCfg = Release|Any CPU
		{C45474EA-AB54-4054-9E83-AD083223F1E8}.Release|Any CPU.Build.0 = Release|Any CPU
		{75E37068-9CDD-4598-BEAF-5D4710522F2B}.Debug|Any CPU.ActiveCfg = Debug|Any CPU
		{75E37068-9CDD-4598-BEAF-5D4710522F2B}.Debug|Any CPU.Build.0 = Debug|Any CPU
		{75E37068-9CDD-4598-BEAF-5D4710522F2B}.Release|Any CPU.ActiveCfg = Release|Any CPU
		{75E37068-9CDD-4598-BEAF-5D4710522F2B}.Release|Any CPU.Build.0 = Release|Any CPU
		{E777BEA6-AF1F-4E09-B455-3DFE36B61B1C}.Debug|Any CPU.ActiveCfg = Debug|Any CPU
		{E777BEA6-AF1F-4E09-B455-3DFE36B61B1C}.Debug|Any CPU.Build.0 = Debug|Any CPU
		{E777BEA6-AF1F-4E09-B455-3DFE36B61B1C}.Release|Any CPU.ActiveCfg = Release|Any CPU
		{E777BEA6-AF1F-4E09-B455-3DFE36B61B1C}.Release|Any CPU.Build.0 = Release|Any CPU
		{33475AA8-F005-4F82-BAF7-A39A7285A2C6}.Debug|Any CPU.ActiveCfg = Debug|Any CPU
		{33475AA8-F005-4F82-BAF7-A39A7285A2C6}.Debug|Any CPU.Build.0 = Debug|Any CPU
		{33475AA8-F005-4F82-BAF7-A39A7285A2C6}.Release|Any CPU.ActiveCfg = Release|Any CPU
		{33475AA8-F005-4F82-BAF7-A39A7285A2C6}.Release|Any CPU.Build.0 = Release|Any CPU
		{F7EDC200-F4CD-4A2E-AD33-8555F39C4E6D}.Debug|Any CPU.ActiveCfg = Debug|Any CPU
		{F7EDC200-F4CD-4A2E-AD33-8555F39C4E6D}.Debug|Any CPU.Build.0 = Debug|Any CPU
		{F7EDC200-F4CD-4A2E-AD33-8555F39C4E6D}.Release|Any CPU.ActiveCfg = Release|Any CPU
		{F7EDC200-F4CD-4A2E-AD33-8555F39C4E6D}.Release|Any CPU.Build.0 = Release|Any CPU
		{ED8FC4DB-8C55-4B54-BCDD-F8D1151CE0FD}.Debug|Any CPU.ActiveCfg = Debug|Any CPU
		{ED8FC4DB-8C55-4B54-BCDD-F8D1151CE0FD}.Debug|Any CPU.Build.0 = Debug|Any CPU
		{ED8FC4DB-8C55-4B54-BCDD-F8D1151CE0FD}.Release|Any CPU.ActiveCfg = Release|Any CPU
		{ED8FC4DB-8C55-4B54-BCDD-F8D1151CE0FD}.Release|Any CPU.Build.0 = Release|Any CPU
		{910C44BF-ACD5-4E22-87C3-87D705325ED0}.Debug|Any CPU.ActiveCfg = Debug|Any CPU
		{910C44BF-ACD5-4E22-87C3-87D705325ED0}.Debug|Any CPU.Build.0 = Debug|Any CPU
		{910C44BF-ACD5-4E22-87C3-87D705325ED0}.Release|Any CPU.ActiveCfg = Release|Any CPU
		{910C44BF-ACD5-4E22-87C3-87D705325ED0}.Release|Any CPU.Build.0 = Release|Any CPU
		{AF1B368E-D4E9-4DD7-BCA0-4B3B9F027866}.Debug|Any CPU.ActiveCfg = Debug|Any CPU
		{AF1B368E-D4E9-4DD7-BCA0-4B3B9F027866}.Debug|Any CPU.Build.0 = Debug|Any CPU
		{AF1B368E-D4E9-4DD7-BCA0-4B3B9F027866}.Release|Any CPU.ActiveCfg = Release|Any CPU
		{AF1B368E-D4E9-4DD7-BCA0-4B3B9F027866}.Release|Any CPU.Build.0 = Release|Any CPU
		{3C0FD00B-3C25-440B-80C5-D2F0E4697012}.Debug|Any CPU.ActiveCfg = Debug|Any CPU
		{3C0FD00B-3C25-440B-80C5-D2F0E4697012}.Debug|Any CPU.Build.0 = Debug|Any CPU
		{3C0FD00B-3C25-440B-80C5-D2F0E4697012}.Release|Any CPU.ActiveCfg = Release|Any CPU
		{3C0FD00B-3C25-440B-80C5-D2F0E4697012}.Release|Any CPU.Build.0 = Release|Any CPU
		{5C0C6F74-2693-456B-B7DA-B1B1FFB750A7}.Debug|Any CPU.ActiveCfg = Debug|Any CPU
		{5C0C6F74-2693-456B-B7DA-B1B1FFB750A7}.Debug|Any CPU.Build.0 = Debug|Any CPU
		{5C0C6F74-2693-456B-B7DA-B1B1FFB750A7}.Release|Any CPU.ActiveCfg = Release|Any CPU
		{5C0C6F74-2693-456B-B7DA-B1B1FFB750A7}.Release|Any CPU.Build.0 = Release|Any CPU
	EndGlobalSection
	GlobalSection(SolutionProperties) = preSolution
		HideSolutionNode = FALSE
	EndGlobalSection
	GlobalSection(NestedProjects) = preSolution
		{910C44BF-ACD5-4E22-87C3-87D705325ED0} = {863B017A-55CD-462A-8A80-366A8D33F7CB}
	EndGlobalSection
	GlobalSection(ExtensibilityGlobals) = postSolution
		SolutionGuid = {EBDD2F1D-5957-4F10-8EA0-00AF5D71AF8D}
	EndGlobalSection
EndGlobal
